
Microsoft Visual Studio Solution File, Format Version 12.00
# Visual Studio Version 16
VisualStudioVersion = 16.0.31515.178
MinimumVisualStudioVersion = 10.0.40219.1
Project("{FAE04EC0-301F-11D3-BF4B-00C04F79EFBC}") = "AppLaercio", "AppLaercio.csproj", "{7A412C68-3EC1-4656-99FA-73C8C29AB244}"
EndProject
Global
	GlobalSection(SolutionConfigurationPlatforms) = preSolution
		Debug|Any CPU = Debug|Any CPU
		Release|Any CPU = Release|Any CPU
	EndGlobalSection
	GlobalSection(ProjectConfigurationPlatforms) = postSolution
		{7A412C68-3EC1-4656-99FA-73C8C29AB244}.Debug|Any CPU.ActiveCfg = Debug|Any CPU
		{7A412C68-3EC1-4656-99FA-73C8C29AB244}.Debug|Any CPU.Build.0 = Debug|Any CPU
		{7A412C68-3EC1-4656-99FA-73C8C29AB244}.Release|Any CPU.ActiveCfg = Release|Any CPU
		{7A412C68-3EC1-4656-99FA-73C8C29AB244}.Release|Any CPU.Build.0 = Release|Any CPU
	EndGlobalSection
	GlobalSection(SolutionProperties) = preSolution
		HideSolutionNode = FALSE
	EndGlobalSection
	GlobalSection(ExtensibilityGlobals) = postSolution
		SolutionGuid = {2635B080-DAE0-48D1-870B-F5B68714C04D}
	EndGlobalSection
EndGlobal
